
Microsoft Visual Studio Solution File, Format Version 12.00
# Visual Studio Version 16
VisualStudioVersion = 16.0.33927.289
MinimumVisualStudioVersion = 10.0.40219.1
Project("{2150E333-8FDC-42A3-9474-1A3956D46DE8}") = "Task0", "Task0", "{C3FC22B0-C09E-47DF-BC10-DAF8C33A969D}"
EndProject
Project("{FAE04EC0-301F-11D3-BF4B-00C04F79EFBC}") = "Tyuiu.GornovTA.Sprint4.Task0.V30", "Tyuiu.GornovTA.Sprint4.Task0.V30\Tyuiu.GornovTA.Sprint4.Task0.V30.csproj", "{C338968B-E002-429F-BBF2-009CA3EF268D}"
EndProject
Project("{FAE04EC0-301F-11D3-BF4B-00C04F79EFBC}") = "Tyuiu.GornovTA.Sprint4.Task0.V30.Test", "Tyuiu.GornovTA.Sprint4.Task0.V30.Test\Tyuiu.GornovTA.Sprint4.Task0.V30.Test.csproj", "{11DC57BA-24FD-4DB0-BF6D-7A59ACEB3A70}"
EndProject
Project("{FAE04EC0-301F-11D3-BF4B-00C04F79EFBC}") = "Tyuiu.GornovTA.Sprint4.Task0.V30.Lib", "Tyuiu.GornovTA.Sprint4.Task0.V30.Lib\Tyuiu.GornovTA.Sprint4.Task0.V30.Lib.csproj", "{4D4AE5B9-3AA6-4B08-9459-059B0D4CA215}"
EndProject
Project("{2150E333-8FDC-42A3-9474-1A3956D46DE8}") = "Task1", "Task1", "{4EB96BC7-5416-442C-98FC-517E7792352C}"
EndProject
Project("{FAE04EC0-301F-11D3-BF4B-00C04F79EFBC}") = "Tyuiu.GornovTA.Sprint4.Task1.V6", "Tyuiu.GornovTA.Sprint4.Task1.V6\Tyuiu.GornovTA.Sprint4.Task1.V6.csproj", "{E409E555-1B74-445F-B59E-83137C8D3D37}"
EndProject
Project("{FAE04EC0-301F-11D3-BF4B-00C04F79EFBC}") = "Tyuiu.GornovTA.Sprint4.Task1.V6.Lib", "Tyuiu.GornovTA.Sprint4.Task1.V6.Lib\Tyuiu.GornovTA.Sprint4.Task1.V6.Lib.csproj", "{3D835069-AD25-40E8-BC0B-E9B88EFB1C1E}"
EndProject
Project("{FAE04EC0-301F-11D3-BF4B-00C04F79EFBC}") = "Tyuiu.GornovTA.Sprint4.Task1.V6.Test", "Tyuiu.GornovTA.Sprint4.Task1.V6.Test\Tyuiu.GornovTA.Sprint4.Task1.V6.Test.csproj", "{72283370-3F09-4780-B30A-B8B9FAF476C6}"
EndProject
Project("{2150E333-8FDC-42A3-9474-1A3956D46DE8}") = "Task2", "Task2", "{52597BB4-10EA-4C57-9840-3433EC07CB5D}"
EndProject
Project("{FAE04EC0-301F-11D3-BF4B-00C04F79EFBC}") = "Tyuiu.GornovTA.Sprint4.Task2.V17", "Tyuiu.GornovTA.Sprint4.Task2.V17\Tyuiu.GornovTA.Sprint4.Task2.V17.csproj", "{2DEFD74B-2E52-4FDB-8512-FED505C25E9B}"
EndProject
Project("{FAE04EC0-301F-11D3-BF4B-00C04F79EFBC}") = "Tyuiu.GornovTA.Sprint4.Task2.V17.Test", "Tyuiu.GornovTA.Sprint4.Task2.V17.Test\Tyuiu.GornovTA.Sprint4.Task2.V17.Test.csproj", "{4FFB9380-920F-43FD-B98A-AA55000FBACA}"
EndProject
Project("{FAE04EC0-301F-11D3-BF4B-00C04F79EFBC}") = "Tyuiu.GornovTA.Sprint4.Task2.V17.Lib", "Tyuiu.GornovTA.Sprint4.Task2.V17.Lib\Tyuiu.GornovTA.Sprint4.Task2.V17.Lib.csproj", "{12B347A1-C144-4B06-A3D6-8D47FE313B17}"
EndProject
Project("{2150E333-8FDC-42A3-9474-1A3956D46DE8}") = "Task3", "Task3", "{F5415B25-27A7-4402-B408-C55DDB06E96F}"
EndProject
Project("{FAE04EC0-301F-11D3-BF4B-00C04F79EFBC}") = "Tyuiu.GornovTA.Sprint4.Task3.V2", "Tyuiu.GornovTA.Sprint4.Task3.V2\Tyuiu.GornovTA.Sprint4.Task3.V2.csproj", "{BDB7CF2C-89B5-4F66-B070-028A3F1ED87F}"
EndProject
Project("{FAE04EC0-301F-11D3-BF4B-00C04F79EFBC}") = "Tyuiu.GornovTA.Sprint4.Task3.V2.Lib", "Tyuiu.GornovTA.Sprint4.Task3.V2.Lib\Tyuiu.GornovTA.Sprint4.Task3.V2.Lib.csproj", "{0EF61428-A1DC-4D70-886B-F50C3726EA55}"
EndProject
Project("{FAE04EC0-301F-11D3-BF4B-00C04F79EFBC}") = "Tyuiu.GornovTA.Sprint4.Task3.V2.Test", "Tyuiu.GornovTA.Sprint4.Task3.V2.Test\Tyuiu.GornovTA.Sprint4.Task3.V2.Test.csproj", "{79EAF854-A2A5-4617-8914-BD50BBA27CD0}"
EndProject
Project("{2150E333-8FDC-42A3-9474-1A3956D46DE8}") = "Task4", "Task4", "{501D4502-4D12-45B3-A5AF-88E15EF29705}"
EndProject
Project("{FAE04EC0-301F-11D3-BF4B-00C04F79EFBC}") = "Tyuiu.GornovTA.Sprint4.Task4.V19", "Tyuiu.GornovTA.Sprint4.Task4.V19\Tyuiu.GornovTA.Sprint4.Task4.V19.csproj", "{BD515BC1-E458-4D61-94EE-4C4591CECC60}"
EndProject
Project("{FAE04EC0-301F-11D3-BF4B-00C04F79EFBC}") = "Tyuiu.GornovTA.Sprint4.Task4.V19.Test", "Tyuiu.GornovTA.Sprint4.Task4.V19.Test\Tyuiu.GornovTA.Sprint4.Task4.V19.Test.csproj", "{6B2D65F8-012E-4BF2-9DED-C257A64C3B23}"
EndProject
Project("{FAE04EC0-301F-11D3-BF4B-00C04F79EFBC}") = "Tyuiu.GornovTA.Sprint4.Task4.V19.Lib", "Tyuiu.GornovTA.Sprint4.Task4.V19.Lib\Tyuiu.GornovTA.Sprint4.Task4.V19.Lib.csproj", "{3EB177F3-2785-46E1-A7C3-5FEFDEAF69F1}"
EndProject
Project("{2150E333-8FDC-42A3-9474-1A3956D46DE8}") = "Task5", "Task5", "{11E45B0E-6661-4398-94BD-0D0F7633D8E2}"
EndProject
Project("{FAE04EC0-301F-11D3-BF4B-00C04F79EFBC}") = "Tyuiu.GornovTA.Sprint4.Task5.V28", "Tyuiu.GornovTA.Sprint4.Task5.V28\Tyuiu.GornovTA.Sprint4.Task5.V28.csproj", "{EDC4BA66-5B35-4780-A712-0620829E3F67}"
EndProject
Project("{FAE04EC0-301F-11D3-BF4B-00C04F79EFBC}") = "Tyuiu.GornovTA.Sprint4.Task5.V28.Lib", "Tyuiu.GornovTA.Sprint4.Task5.V28.Lib\Tyuiu.GornovTA.Sprint4.Task5.V28.Lib.csproj", "{06106E43-CB68-4103-9569-5CDED7F6823A}"
EndProject
Project("{FAE04EC0-301F-11D3-BF4B-00C04F79EFBC}") = "Tyuiu.GornovTA.Sprint4.Task5.V28.Test", "Tyuiu.GornovTA.Sprint4.Task5.V28.Test\Tyuiu.GornovTA.Sprint4.Task5.V28.Test.csproj", "{FE74BFAC-D540-40A1-B9D1-942C16085EF4}"
EndProject
Project("{2150E333-8FDC-42A3-9474-1A3956D46DE8}") = "Task6", "Task6", "{87F110F4-0F4D-4E12-862E-BE3370D7518C}"
EndProject
Project("{FAE04EC0-301F-11D3-BF4B-00C04F79EFBC}") = "Tyuiu.GornovTA.Sprint4.Task6.V3", "Tyuiu.GornovTA.Sprint4.Task6.V3\Tyuiu.GornovTA.Sprint4.Task6.V3.csproj", "{5739C5BF-9FAE-4B8E-819F-0180BE843C07}"
EndProject
Project("{FAE04EC0-301F-11D3-BF4B-00C04F79EFBC}") = "Tyuiu.GornovTA.Sprint4.Task6.V3.Lib", "Tyuiu.GornovTA.Sprint4.Task6.V3.Lib\Tyuiu.GornovTA.Sprint4.Task6.V3.Lib.csproj", "{64EA8C36-1161-46FC-9571-D96CA8777BDD}"
EndProject
Project("{FAE04EC0-301F-11D3-BF4B-00C04F79EFBC}") = "Tyuiu.GornovTA.Sprint4.Task6.V3.Test", "Tyuiu.GornovTA.Sprint4.Task6.V3.Test\Tyuiu.GornovTA.Sprint4.Task6.V3.Test.csproj", "{B50D92CB-7D44-44C8-B693-C71677A14AD2}"
EndProject
Project("{2150E333-8FDC-42A3-9474-1A3956D46DE8}") = "Task7", "Task7", "{C1B8A914-C397-43D2-89DB-2FFE57796906}"
EndProject
Project("{FAE04EC0-301F-11D3-BF4B-00C04F79EFBC}") = "Tyuiu.GornovTA.Sprint4.Task7.V23", "Tyuiu.GornovTA.Sprint4.Task7.V23\Tyuiu.GornovTA.Sprint4.Task7.V23.csproj", "{63AD1D55-D27A-4413-95E4-C89659EAC1A9}"
EndProject
Project("{FAE04EC0-301F-11D3-BF4B-00C04F79EFBC}") = "Tyuiu.GornovTA.Sprint4.Task7.V23.Test", "Tyuiu.GornovTA.Sprint4.Task7.V23.Test\Tyuiu.GornovTA.Sprint4.Task7.V23.Test.csproj", "{5115B404-C9DF-4452-A148-A5B9D3393737}"
EndProject
Project("{FAE04EC0-301F-11D3-BF4B-00C04F79EFBC}") = "Tyuiu.GornovTA.Sprint4.Task7.V23.Lib", "Tyuiu.GornovTA.Sprint4.Task7.V23.Lib\Tyuiu.GornovTA.Sprint4.Task7.V23.Lib.csproj", "{7D42BB6F-26EF-4382-A208-6BCD77A13788}"
EndProject
Global
	GlobalSection(SolutionConfigurationPlatforms) = preSolution
		Debug|Any CPU = Debug|Any CPU
		Release|Any CPU = Release|Any CPU
	EndGlobalSection
	GlobalSection(ProjectConfigurationPlatforms) = postSolution
		{C338968B-E002-429F-BBF2-009CA3EF268D}.Debug|Any CPU.ActiveCfg = Debug|Any CPU
		{C338968B-E002-429F-BBF2-009CA3EF268D}.Debug|Any CPU.Build.0 = Debug|Any CPU
		{C338968B-E002-429F-BBF2-009CA3EF268D}.Release|Any CPU.ActiveCfg = Release|Any CPU
		{C338968B-E002-429F-BBF2-009CA3EF268D}.Release|Any CPU.Build.0 = Release|Any CPU
		{11DC57BA-24FD-4DB0-BF6D-7A59ACEB3A70}.Debug|Any CPU.ActiveCfg = Debug|Any CPU
		{11DC57BA-24FD-4DB0-BF6D-7A59ACEB3A70}.Debug|Any CPU.Build.0 = Debug|Any CPU
		{11DC57BA-24FD-4DB0-BF6D-7A59ACEB3A70}.Release|Any CPU.ActiveCfg = Release|Any CPU
		{11DC57BA-24FD-4DB0-BF6D-7A59ACEB3A70}.Release|Any CPU.Build.0 = Release|Any CPU
		{4D4AE5B9-3AA6-4B08-9459-059B0D4CA215}.Debug|Any CPU.ActiveCfg = Debug|Any CPU
		{4D4AE5B9-3AA6-4B08-9459-059B0D4CA215}.Debug|Any CPU.Build.0 = Debug|Any CPU
		{4D4AE5B9-3AA6-4B08-9459-059B0D4CA215}.Release|Any CPU.ActiveCfg = Release|Any CPU
		{4D4AE5B9-3AA6-4B08-9459-059B0D4CA215}.Release|Any CPU.Build.0 = Release|Any CPU
		{E409E555-1B74-445F-B59E-83137C8D3D37}.Debug|Any CPU.ActiveCfg = Debug|Any CPU
		{E409E555-1B74-445F-B59E-83137C8D3D37}.Debug|Any CPU.Build.0 = Debug|Any CPU
		{E409E555-1B74-445F-B59E-83137C8D3D37}.Release|Any CPU.ActiveCfg = Release|Any CPU
		{E409E555-1B74-445F-B59E-83137C8D3D37}.Release|Any CPU.Build.0 = Release|Any CPU
		{3D835069-AD25-40E8-BC0B-E9B88EFB1C1E}.Debug|Any CPU.ActiveCfg = Debug|Any CPU
		{3D835069-AD25-40E8-BC0B-E9B88EFB1C1E}.Debug|Any CPU.Build.0 = Debug|Any CPU
		{3D835069-AD25-40E8-BC0B-E9B88EFB1C1E}.Release|Any CPU.ActiveCfg = Release|Any CPU
		{3D835069-AD25-40E8-BC0B-E9B88EFB1C1E}.Release|Any CPU.Build.0 = Release|Any CPU
		{72283370-3F09-4780-B30A-B8B9FAF476C6}.Debug|Any CPU.ActiveCfg = Debug|Any CPU
		{72283370-3F09-4780-B30A-B8B9FAF476C6}.Debug|Any CPU.Build.0 = Debug|Any CPU
		{72283370-3F09-4780-B30A-B8B9FAF476C6}.Release|Any CPU.ActiveCfg = Release|Any CPU
		{72283370-3F09-4780-B30A-B8B9FAF476C6}.Release|Any CPU.Build.0 = Release|Any CPU
		{2DEFD74B-2E52-4FDB-8512-FED505C25E9B}.Debug|Any CPU.ActiveCfg = Debug|Any CPU
		{2DEFD74B-2E52-4FDB-8512-FED505C25E9B}.Debug|Any CPU.Build.0 = Debug|Any CPU
		{2DEFD74B-2E52-4FDB-8512-FED505C25E9B}.Release|Any CPU.ActiveCfg = Release|Any CPU
		{2DEFD74B-2E52-4FDB-8512-FED505C25E9B}.Release|Any CPU.Build.0 = Release|Any CPU
		{4FFB9380-920F-43FD-B98A-AA55000FBACA}.Debug|Any CPU.ActiveCfg = Debug|Any CPU
		{4FFB9380-920F-43FD-B98A-AA55000FBACA}.Debug|Any CPU.Build.0 = Debug|Any CPU
		{4FFB9380-920F-43FD-B98A-AA55000FBACA}.Release|Any CPU.ActiveCfg = Release|Any CPU
		{4FFB9380-920F-43FD-B98A-AA55000FBACA}.Release|Any CPU.Build.0 = Release|Any CPU
		{12B347A1-C144-4B06-A3D6-8D47FE313B17}.Debug|Any CPU.ActiveCfg = Debug|Any CPU
		{12B347A1-C144-4B06-A3D6-8D47FE313B17}.Debug|Any CPU.Build.0 = Debug|Any CPU
		{12B347A1-C144-4B06-A3D6-8D47FE313B17}.Release|Any CPU.ActiveCfg = Release|Any CPU
		{12B347A1-C144-4B06-A3D6-8D47FE313B17}.Release|Any CPU.Build.0 = Release|Any CPU
		{BDB7CF2C-89B5-4F66-B070-028A3F1ED87F}.Debug|Any CPU.ActiveCfg = Debug|Any CPU
		{BDB7CF2C-89B5-4F66-B070-028A3F1ED87F}.Debug|Any CPU.Build.0 = Debug|Any CPU
		{BDB7CF2C-89B5-4F66-B070-028A3F1ED87F}.Release|Any CPU.ActiveCfg = Release|Any CPU
		{BDB7CF2C-89B5-4F66-B070-028A3F1ED87F}.Release|Any CPU.Build.0 = Release|Any CPU
		{0EF61428-A1DC-4D70-886B-F50C3726EA55}.Debug|Any CPU.ActiveCfg = Debug|Any CPU
		{0EF61428-A1DC-4D70-886B-F50C3726EA55}.Debug|Any CPU.Build.0 = Debug|Any CPU
		{0EF61428-A1DC-4D70-886B-F50C3726EA55}.Release|Any CPU.ActiveCfg = Release|Any CPU
		{0EF61428-A1DC-4D70-886B-F50C3726EA55}.Release|Any CPU.Build.0 = Release|Any CPU
		{79EAF854-A2A5-4617-8914-BD50BBA27CD0}.Debug|Any CPU.ActiveCfg = Debug|Any CPU
		{79EAF854-A2A5-4617-8914-BD50BBA27CD0}.Debug|Any CPU.Build.0 = Debug|Any CPU
		{79EAF854-A2A5-4617-8914-BD50BBA27CD0}.Release|Any CPU.ActiveCfg = Release|Any CPU
		{79EAF854-A2A5-4617-8914-BD50BBA27CD0}.Release|Any CPU.Build.0 = Release|Any CPU
		{BD515BC1-E458-4D61-94EE-4C4591CECC60}.Debug|Any CPU.ActiveCfg = Debug|Any CPU
		{BD515BC1-E458-4D61-94EE-4C4591CECC60}.Debug|Any CPU.Build.0 = Debug|Any CPU
		{BD515BC1-E458-4D61-94EE-4C4591CECC60}.Release|Any CPU.ActiveCfg = Release|Any CPU
		{BD515BC1-E458-4D61-94EE-4C4591CECC60}.Release|Any CPU.Build.0 = Release|Any CPU
		{6B2D65F8-012E-4BF2-9DED-C257A64C3B23}.Debug|Any CPU.ActiveCfg = Debug|Any CPU
		{6B2D65F8-012E-4BF2-9DED-C257A64C3B23}.Debug|Any CPU.Build.0 = Debug|Any CPU
		{6B2D65F8-012E-4BF2-9DED-C257A64C3B23}.Release|Any CPU.ActiveCfg = Release|Any CPU
		{6B2D65F8-012E-4BF2-9DED-C257A64C3B23}.Release|Any CPU.Build.0 = Release|Any CPU
		{3EB177F3-2785-46E1-A7C3-5FEFDEAF69F1}.Debug|Any CPU.ActiveCfg = Debug|Any CPU
		{3EB177F3-2785-46E1-A7C3-5FEFDEAF69F1}.Debug|Any CPU.Build.0 = Debug|Any CPU
		{3EB177F3-2785-46E1-A7C3-5FEFDEAF69F1}.Release|Any CPU.ActiveCfg = Release|Any CPU
		{3EB177F3-2785-46E1-A7C3-5FEFDEAF69F1}.Release|Any CPU.Build.0 = Release|Any CPU
		{EDC4BA66-5B35-4780-A712-0620829E3F67}.Debug|Any CPU.ActiveCfg = Debug|Any CPU
		{EDC4BA66-5B35-4780-A712-0620829E3F67}.Debug|Any CPU.Build.0 = Debug|Any CPU
		{EDC4BA66-5B35-4780-A712-0620829E3F67}.Release|Any CPU.ActiveCfg = Release|Any CPU
		{EDC4BA66-5B35-4780-A712-0620829E3F67}.Release|Any CPU.Build.0 = Release|Any CPU
		{06106E43-CB68-4103-9569-5CDED7F6823A}.Debug|Any CPU.ActiveCfg = Debug|Any CPU
		{06106E43-CB68-4103-9569-5CDED7F6823A}.Debug|Any CPU.Build.0 = Debug|Any CPU
		{06106E43-CB68-4103-9569-5CDED7F6823A}.Release|Any CPU.ActiveCfg = Release|Any CPU
		{06106E43-CB68-4103-9569-5CDED7F6823A}.Release|Any CPU.Build.0 = Release|Any CPU
		{FE74BFAC-D540-40A1-B9D1-942C16085EF4}.Debug|Any CPU.ActiveCfg = Debug|Any CPU
		{FE74BFAC-D540-40A1-B9D1-942C16085EF4}.Debug|Any CPU.Build.0 = Debug|Any CPU
		{FE74BFAC-D540-40A1-B9D1-942C16085EF4}.Release|Any CPU.ActiveCfg = Release|Any CPU
		{FE74BFAC-D540-40A1-B9D1-942C16085EF4}.Release|Any CPU.Build.0 = Release|Any CPU
		{5739C5BF-9FAE-4B8E-819F-0180BE843C07}.Debug|Any CPU.ActiveCfg = Debug|Any CPU
		{5739C5BF-9FAE-4B8E-819F-0180BE843C07}.Debug|Any CPU.Build.0 = Debug|Any CPU
		{5739C5BF-9FAE-4B8E-819F-0180BE843C07}.Release|Any CPU.ActiveCfg = Release|Any CPU
		{5739C5BF-9FAE-4B8E-819F-0180BE843C07}.Release|Any CPU.Build.0 = Release|Any CPU
		{64EA8C36-1161-46FC-9571-D96CA8777BDD}.Debug|Any CPU.ActiveCfg = Debug|Any CPU
		{64EA8C36-1161-46FC-9571-D96CA8777BDD}.Debug|Any CPU.Build.0 = Debug|Any CPU
		{64EA8C36-1161-46FC-9571-D96CA8777BDD}.Release|Any CPU.ActiveCfg = Release|Any CPU
		{64EA8C36-1161-46FC-9571-D96CA8777BDD}.Release|Any CPU.Build.0 = Release|Any CPU
		{B50D92CB-7D44-44C8-B693-C71677A14AD2}.Debug|Any CPU.ActiveCfg = Debug|Any CPU
		{B50D92CB-7D44-44C8-B693-C71677A14AD2}.Debug|Any CPU.Build.0 = Debug|Any CPU
		{B50D92CB-7D44-44C8-B693-C71677A14AD2}.Release|Any CPU.ActiveCfg = Release|Any CPU
		{B50D92CB-7D44-44C8-B693-C71677A14AD2}.Release|Any CPU.Build.0 = Release|Any CPU
		{63AD1D55-D27A-4413-95E4-C89659EAC1A9}.Debug|Any CPU.ActiveCfg = Debug|Any CPU
		{63AD1D55-D27A-4413-95E4-C89659EAC1A9}.Debug|Any CPU.Build.0 = Debug|Any CPU
		{63AD1D55-D27A-4413-95E4-C89659EAC1A9}.Release|Any CPU.ActiveCfg = Release|Any CPU
		{63AD1D55-D27A-4413-95E4-C89659EAC1A9}.Release|Any CPU.Build.0 = Release|Any CPU
		{5115B404-C9DF-4452-A148-A5B9D3393737}.Debug|Any CPU.ActiveCfg = Debug|Any CPU
		{5115B404-C9DF-4452-A148-A5B9D3393737}.Debug|Any CPU.Build.0 = Debug|Any CPU
		{5115B404-C9DF-4452-A148-A5B9D3393737}.Release|Any CPU.ActiveCfg = Release|Any CPU
		{5115B404-C9DF-4452-A148-A5B9D3393737}.Release|Any CPU.Build.0 = Release|Any CPU
		{7D42BB6F-26EF-4382-A208-6BCD77A13788}.Debug|Any CPU.ActiveCfg = Debug|Any CPU
		{7D42BB6F-26EF-4382-A208-6BCD77A13788}.Debug|Any CPU.Build.0 = Debug|Any CPU
		{7D42BB6F-26EF-4382-A208-6BCD77A13788}.Release|Any CPU.ActiveCfg = Release|Any CPU
		{7D42BB6F-26EF-4382-A208-6BCD77A13788}.Release|Any CPU.Build.0 = Release|Any CPU
	EndGlobalSection
	GlobalSection(SolutionProperties) = preSolution
		HideSolutionNode = FALSE
	EndGlobalSection
	GlobalSection(NestedProjects) = preSolution
		{C338968B-E002-429F-BBF2-009CA3EF268D} = {C3FC22B0-C09E-47DF-BC10-DAF8C33A969D}
		{11DC57BA-24FD-4DB0-BF6D-7A59ACEB3A70} = {C3FC22B0-C09E-47DF-BC10-DAF8C33A969D}
		{4D4AE5B9-3AA6-4B08-9459-059B0D4CA215} = {C3FC22B0-C09E-47DF-BC10-DAF8C33A969D}
		{E409E555-1B74-445F-B59E-83137C8D3D37} = {4EB96BC7-5416-442C-98FC-517E7792352C}
		{3D835069-AD25-40E8-BC0B-E9B88EFB1C1E} = {4EB96BC7-5416-442C-98FC-517E7792352C}
		{72283370-3F09-4780-B30A-B8B9FAF476C6} = {4EB96BC7-5416-442C-98FC-517E7792352C}
		{2DEFD74B-2E52-4FDB-8512-FED505C25E9B} = {52597BB4-10EA-4C57-9840-3433EC07CB5D}
		{4FFB9380-920F-43FD-B98A-AA55000FBACA} = {52597BB4-10EA-4C57-9840-3433EC07CB5D}
		{12B347A1-C144-4B06-A3D6-8D47FE313B17} = {52597BB4-10EA-4C57-9840-3433EC07CB5D}
		{BDB7CF2C-89B5-4F66-B070-028A3F1ED87F} = {F5415B25-27A7-4402-B408-C55DDB06E96F}
		{0EF61428-A1DC-4D70-886B-F50C3726EA55} = {F5415B25-27A7-4402-B408-C55DDB06E96F}
		{79EAF854-A2A5-4617-8914-BD50BBA27CD0} = {F5415B25-27A7-4402-B408-C55DDB06E96F}
		{BD515BC1-E458-4D61-94EE-4C4591CECC60} = {501D4502-4D12-45B3-A5AF-88E15EF29705}
		{6B2D65F8-012E-4BF2-9DED-C257A64C3B23} = {501D4502-4D12-45B3-A5AF-88E15EF29705}
		{3EB177F3-2785-46E1-A7C3-5FEFDEAF69F1} = {501D4502-4D12-45B3-A5AF-88E15EF29705}
		{EDC4BA66-5B35-4780-A712-0620829E3F67} = {11E45B0E-6661-4398-94BD-0D0F7633D8E2}
		{06106E43-CB68-4103-9569-5CDED7F6823A} = {11E45B0E-6661-4398-94BD-0D0F7633D8E2}
		{FE74BFAC-D540-40A1-B9D1-942C16085EF4} = {11E45B0E-6661-4398-94BD-0D0F7633D8E2}
		{5739C5BF-9FAE-4B8E-819F-0180BE843C07} = {87F110F4-0F4D-4E12-862E-BE3370D7518C}
		{64EA8C36-1161-46FC-9571-D96CA8777BDD} = {87F110F4-0F4D-4E12-862E-BE3370D7518C}
		{B50D92CB-7D44-44C8-B693-C71677A14AD2} = {87F110F4-0F4D-4E12-862E-BE3370D7518C}
		{63AD1D55-D27A-4413-95E4-C89659EAC1A9} = {C1B8A914-C397-43D2-89DB-2FFE57796906}
		{5115B404-C9DF-4452-A148-A5B9D3393737} = {C1B8A914-C397-43D2-89DB-2FFE57796906}
		{7D42BB6F-26EF-4382-A208-6BCD77A13788} = {C1B8A914-C397-43D2-89DB-2FFE57796906}
	EndGlobalSection
	GlobalSection(ExtensibilityGlobals) = postSolution
		SolutionGuid = {72F9ACF2-599E-4558-8CD6-6C30BEAF6684}
	EndGlobalSection
EndGlobal
